<?xml version="1.0" encoding="utf-8"?>
<Project ToolsVersion="4.0" xmlns="http://schemas.microsoft.com/developer/msbuild/2003">
  <ItemGroup>
    <Filter Include="Form Files">
      <UniqueIdentifier>{99349809-55BA-4b9d-BF79-8FDBB0286EB3}</UniqueIdentifier>
      <Extensions>ui</Extensions>
      <ParseFiles>false</ParseFiles>
    </Filter>
    <Filter Include="Form Files">
      <UniqueIdentifier>{99349809-55BA-4b9d-BF79-8FDBB0286EB3}</UniqueIdentifier>
      <Extensions>ui</Extensions>
      <ParseFiles>false</ParseFiles>
    </Filter>
    <Filter Include="Generated Files">
      <UniqueIdentifier>{71ED8ED8-ACB9-4CE9-BBE1-E00B30144E11}</UniqueIdentifier>
      <Extensions>cpp;c;cxx;moc;h;def;odl;idl;res;</Extensions>
    </Filter>
    <Filter Include="Generated Files">
      <UniqueIdentifier>{71ED8ED8-ACB9-4CE9-BBE1-E00B30144E11}</UniqueIdentifier>
      <Extensions>cpp;c;cxx;moc;h;def;odl;idl;res;</Extensions>
    </Filter>
    <Filter Include="Header Files">
      <UniqueIdentifier>{93995380-89BD-4b04-88EB-625FBE52EBFB}</UniqueIdentifier>
      <Extensions>h;hpp;hxx;hm;inl;inc;xsd</Extensions>
    </Filter>
    <Filter Include="Header Files">
      <UniqueIdentifier>{93995380-89BD-4b04-88EB-625FBE52EBFB}</UniqueIdentifier>
      <Extensions>h;hpp;hxx;hm;inl;inc;xsd</Extensions>
    </Filter>
    <Filter Include="Resource Files">
      <UniqueIdentifier>{D9D6E242-F8AF-46E4-B9FD-80ECBC20BA3E}</UniqueIdentifier>
      <Extensions>qrc;*</Extensions>
      <ParseFiles>false</ParseFiles>
    </Filter>
    <Filter Include="Resource Files">
      <UniqueIdentifier>{D9D6E242-F8AF-46E4-B9FD-80ECBC20BA3E}</UniqueIdentifier>
      <Extensions>qrc;*</Extensions>
      <ParseFiles>false</ParseFiles>
    </Filter>
    <Filter Include="Source Files">
      <UniqueIdentifier>{4FC737F1-C7A5-4376-A066-2A32D752A2FF}</UniqueIdentifier>
      <Extensions>cpp;c;cxx;def;odl;idl;hpj;bat;asm;asmx</Extensions>
    </Filter>
    <Filter Include="Source Files">
      <UniqueIdentifier>{4FC737F1-C7A5-4376-A066-2A32D752A2FF}</UniqueIdentifier>
      <Extensions>cpp;c;cxx;def;odl;idl;hpj;bat;asm;asmx</Extensions>
    </Filter>
    <Filter Include="Distribution Files">
      <UniqueIdentifier>{B83CAF91-C7BF-462F-B76C-EA11631F866C}</UniqueIdentifier>
      <Extensions>*</Extensions>
      <ParseFiles>false</ParseFiles>
    </Filter>
    <Filter Include="Generated Files\Debug">
      <UniqueIdentifier>{c5ee91f2-db82-4a8f-9f51-69915fc6201f}</UniqueIdentifier>
      <Extensions>cpp;moc</Extensions>
      <SourceControlFiles>False</SourceControlFiles>
    </Filter>
    <Filter Include="Generated Files\Release">
      <UniqueIdentifier>{d40a00a8-8e24-4f87-a2a2-7dc9948e8f75}</UniqueIdentifier>
      <Extensions>cpp;moc</Extensions>
      <SourceControlFiles>False</SourceControlFiles>
    </Filter>
  </ItemGroup>
  <ItemGroup>
    <ClCompile Include="cs_ftfunction.cpp">
      <Filter>Source Files</Filter>
    </ClCompile>
    <ClCompile Include="ectclass.cpp">
      <Filter>Source Files</Filter>
    </ClCompile>
    <ClCompile Include="glwidget.cpp">
      <Filter>Source Files</Filter>
    </ClCompile>
    <ClCompile Include="main.cpp">
      <Filter>Source Files</Filter>
    </ClCompile>
    <ClCompile Include="mainwindow.cpp">
      <Filter>Source Files</Filter>
    </ClCompile>
    <ClCompile Include="matlabhelper.cpp">
      <Filter>Source Files</Filter>
    </ClCompile>
    <ClCompile Include="mode.cpp">
      <Filter>Source Files</Filter>
    </ClCompile>
    <ClCompile Include="mypaintusb.cpp">
      <Filter>Source Files</Filter>
    </ClCompile>
    <ClCompile Include="myshowwidget.cpp">
      <Filter>Source Files</Filter>
    </ClCompile>
    <ClCompile Include="mythreads.cpp">
      <Filter>Source Files</Filter>
    </ClCompile>
    <ClCompile Include="tdlasclass.cpp">
      <Filter>Source Files</Filter>
    </ClCompile>
    <ClCompile Include="tdlasdialog.cpp">
      <Filter>Source Files</Filter>
    </ClCompile>
    <ClCompile Include="Debug\moc_glwidget.cpp">
      <Filter>Generated Files\Debug</Filter>
    </ClCompile>
    <ClCompile Include="Release\moc_glwidget.cpp">
      <Filter>Generated Files\Release</Filter>
    </ClCompile>
    <ClCompile Include="Debug\moc_mainwindow.cpp">
      <Filter>Generated Files\Debug</Filter>
    </ClCompile>
    <ClCompile Include="Release\moc_mainwindow.cpp">
      <Filter>Generated Files\Release</Filter>
    </ClCompile>
    <ClCompile Include="Debug\moc_matlabhelper.cpp">
      <Filter>Generated Files\Debug</Filter>
    </ClCompile>
    <ClCompile Include="Release\moc_matlabhelper.cpp">
      <Filter>Generated Files\Release</Filter>
    </ClCompile>
    <ClCompile Include="Debug\moc_mypaintusb.cpp">
      <Filter>Generated Files\Debug</Filter>
    </ClCompile>
    <ClCompile Include="Release\moc_mypaintusb.cpp">
      <Filter>Generated Files\Release</Filter>
    </ClCompile>
    <ClCompile Include="Debug\moc_myshowwidget.cpp">
      <Filter>Generated Files\Debug</Filter>
    </ClCompile>
    <ClCompile Include="Release\moc_myshowwidget.cpp">
      <Filter>Generated Files\Release</Filter>
    </ClCompile>
    <ClCompile Include="Debug\moc_mythreads.cpp">
      <Filter>Generated Files\Debug</Filter>
    </ClCompile>
    <ClCompile Include="Release\moc_mythreads.cpp">
      <Filter>Generated Files\Release</Filter>
    </ClCompile>
    <ClCompile Include="Debug\moc_tdlasdialog.cpp">
      <Filter>Generated Files\Debug</Filter>
    </ClCompile>
    <ClCompile Include="Release\moc_tdlasdialog.cpp">
      <Filter>Generated Files\Release</Filter>
    </ClCompile>
    <ClCompile Include="GeneratedFiles\qrc_rsc.cpp">
      <Filter>Generated Files</Filter>
    </ClCompile>
    <ClCompile Include="base_alg.cpp">
      <Filter>Generated Files</Filter>
    </ClCompile>
    <ClCompile Include="landweber_alg.cpp">
      <Filter>Generated Files</Filter>
    </ClCompile>
    <ClCompile Include="tikhonov_alg.cpp">
      <Filter>Generated Files</Filter>
    </ClCompile>
    <ClCompile Include="Debug\moc_base_alg.cpp">
      <Filter>Generated Files\Debug</Filter>
    </ClCompile>
    <ClCompile Include="Release\moc_base_alg.cpp">
      <Filter>Generated Files\Release</Filter>
    </ClCompile>
    <ClCompile Include="MeasureSys.cpp">
      <Filter>Generated Files</Filter>
    </ClCompile>
    <ClCompile Include="EctSys.cpp">
      <Filter>Generated Files</Filter>
    </ClCompile>
    <ClCompile Include="TdlasSys.cpp">
      <Filter>Generated Files</Filter>
    </ClCompile>
    <ClCompile Include="Debug\moc_MeasureSys.cpp">
      <Filter>Generated Files\Debug</Filter>
    </ClCompile>
    <ClCompile Include="Release\moc_MeasureSys.cpp">
      <Filter>Generated Files\Release</Filter>
    </ClCompile>
  </ItemGroup>
  <ItemGroup>
    <ClInclude Include="ectclass.h">
      <Filter>Header Files</Filter>
    </ClInclude>
    <ClInclude Include="ftd2xx.h">
      <Filter>Header Files</Filter>
    </ClInclude>
    <CustomBuild Include="glwidget.h">
      <Filter>Header Files</Filter>
    </CustomBuild>
    <CustomBuild Include="mainwindow.h">
      <Filter>Header Files</Filter>
    </CustomBuild>
    <ClInclude Include="matlab\mat.h">
      <Filter>Header Files</Filter>
    </ClInclude>
    <CustomBuild Include="matlabhelper.h">
      <Filter>Header Files</Filter>
    </CustomBuild>
    <ClInclude Include="matlab\matrix.h">
      <Filter>Header Files</Filter>
    </ClInclude>
    <ClInclude Include="mode.h">
      <Filter>Header Files</Filter>
    </ClInclude>
    <CustomBuild Include="mypaintusb.h">
      <Filter>Header Files</Filter>
    </CustomBuild>
    <CustomBuild Include="myshowwidget.h">
      <Filter>Header Files</Filter>
    </CustomBuild>
    <CustomBuild Include="mythreads.h">
      <Filter>Header Files</Filter>
    </CustomBuild>
    <ClInclude Include="rwhelper.h">
      <Filter>Header Files</Filter>
    </ClInclude>
    <ClInclude Include="tdlasclass.h">
      <Filter>Header Files</Filter>
    </ClInclude>
    <CustomBuild Include="tdlasdialog.h">
      <Filter>Header Files</Filter>
    </CustomBuild>
    <ClInclude Include="GeneratedFiles\ui_mainwindow.h">
      <Filter>Generated Files</Filter>
    </ClInclude>
    <ClInclude Include="GeneratedFiles\ui_tdlasdialog.h">
      <Filter>Generated Files</Filter>
    </ClInclude>
    <ClInclude Include="landweber_alg.h">
      <Filter>Generated Files</Filter>
    </ClInclude>
    <ClInclude Include="tikhonov_alg.h">
      <Filter>Generated Files</Filter>
    </ClInclude>
    <ClInclude Include="TdlasSys.h">
      <Filter>Generated Files</Filter>
    </ClInclude>
  </ItemGroup>
  <ItemGroup>
    <CustomBuild Include="mainwindow.ui">
      <Filter>Form Files</Filter>
    </CustomBuild>
    <CustomBuild Include="tdlasdialog.ui">
      <Filter>Form Files</Filter>
    </CustomBuild>
    <CustomBuild Include="base_alg.h">
      <Filter>Generated Files</Filter>
    </CustomBuild>
    <CustomBuild Include="EctSys.h">
      <Filter>Generated Files</Filter>
    </CustomBuild>
    <CustomBuild Include="MeasureSys.h">
      <Filter>Generated Files</Filter>
    </CustomBuild>
  </ItemGroup>
  <ItemGroup>
    <None Include="images\USB.png">
      <Filter>Resource Files</Filter>
    </None>
    <None Include="images\directory.png">
      <Filter>Resource Files</Filter>
    </None>
    <None Include="images\file(1).png">
      <Filter>Resource Files</Filter>
    </None>
    <None Include="images\file.png">
      <Filter>Resource Files</Filter>
    </None>
    <None Include="images\lan-break.png">
      <Filter>Resource Files</Filter>
    </None>
    <None Include="images\pause.png">
      <Filter>Resource Files</Filter>
    </None>
    <None Include="images\play.png">
      <Filter>Resource Files</Filter>
    </None>
    <CustomBuild Include="rsc.qrc">
      <Filter>Resource Files</Filter>
    </CustomBuild>
    <None Include="images\save(1).png">
      <Filter>Resource Files</Filter>
    </None>
    <None Include="images\save.png">
      <Filter>Resource Files</Filter>
    </None>
    <None Include="images\start.png">
      <Filter>Resource Files</Filter>
    </None>
    <None Include="images\stop(1).png">
      <Filter>Resource Files</Filter>
    </None>
    <None Include="images\stop.png">
      <Filter>Resource Files</Filter>
    </None>
    <None Include="images\switch.png">
      <Filter>Resource Files</Filter>
    </None>
    <None Include="images\usb1.png">
      <Filter>Resource Files</Filter>
    </None>
  </ItemGroup>
</Project>